
Microsoft Visual Studio Solution File, Format Version 12.00
# Visual Studio Version 17
VisualStudioVersion = 17.5.33516.290
MinimumVisualStudioVersion = 10.0.40219.1
Project("{9A19103F-16F7-4668-BE54-9A1E7A4F7556}") = "IS2.Database.Common", "IS2.Database.Common\IS2.Database.Common.csproj", "{04DE4C5C-0132-4535-9DA9-DAAADCCE5E02}"
EndProject
Project("{9A19103F-16F7-4668-BE54-9A1E7A4F7556}") = "IS2.Database.ConfigurationData", "IS2.Database.ConfigurationData\IS2.Database.ConfigurationData.csproj", "{717225F0-812C-4A0E-A3A7-23FA6BFC4DD7}"
EndProject
Project("{9A19103F-16F7-4668-BE54-9A1E7A4F7556}") = "IS2.Database.ManagementData", "IS2.Database.ManagementData\IS2.Database.ManagementData.csproj", "{900AFA35-95CD-4A78-8EA9-BA5B157EC86A}"
EndProject
Project("{9A19103F-16F7-4668-BE54-9A1E7A4F7556}") = "IS2.Database.ProjectData", "IS2.Database.ProjectData\IS2.Database.ProjectData.csproj", "{50025AAA-39C1-4DBC-A332-60BACCB1D7F6}"
EndProject
Global
	GlobalSection(SolutionConfigurationPlatforms) = preSolution
		Debug|Any CPU = Debug|Any CPU
		Release|Any CPU = Release|Any CPU
	EndGlobalSection
	GlobalSection(ProjectConfigurationPlatforms) = postSolution
		{04DE4C5C-0132-4535-9DA9-DAAADCCE5E02}.Debug|Any CPU.ActiveCfg = Debug|Any CPU
		{04DE4C5C-0132-4535-9DA9-DAAADCCE5E02}.Debug|Any CPU.Build.0 = Debug|Any CPU
		{04DE4C5C-0132-4535-9DA9-DAAADCCE5E02}.Release|Any CPU.ActiveCfg = Release|Any CPU
		{04DE4C5C-0132-4535-9DA9-DAAADCCE5E02}.Release|Any CPU.Build.0 = Release|Any CPU
		{717225F0-812C-4A0E-A3A7-23FA6BFC4DD7}.Debug|Any CPU.ActiveCfg = Debug|Any CPU
		{717225F0-812C-4A0E-A3A7-23FA6BFC4DD7}.Debug|Any CPU.Build.0 = Debug|Any CPU
		{717225F0-812C-4A0E-A3A7-23FA6BFC4DD7}.Release|Any CPU.ActiveCfg = Release|Any CPU
		{717225F0-812C-4A0E-A3A7-23FA6BFC4DD7}.Release|Any CPU.Build.0 = Release|Any CPU
		{900AFA35-95CD-4A78-8EA9-BA5B157EC86A}.Debug|Any CPU.ActiveCfg = Debug|Any CPU
		{900AFA35-95CD-4A78-8EA9-BA5B157EC86A}.Debug|Any CPU.Build.0 = Debug|Any CPU
		{900AFA35-95CD-4A78-8EA9-BA5B157EC86A}.Release|Any CPU.ActiveCfg = Release|Any CPU
		{900AFA35-95CD-4A78-8EA9-BA5B157EC86A}.Release|Any CPU.Build.0 = Release|Any CPU
		{50025AAA-39C1-4DBC-A332-60BACCB1D7F6}.Debug|Any CPU.ActiveCfg = Debug|Any CPU
		{50025AAA-39C1-4DBC-A332-60BACCB1D7F6}.Debug|Any CPU.Build.0 = Debug|Any CPU
		{50025AAA-39C1-4DBC-A332-60BACCB1D7F6}.Release|Any CPU.ActiveCfg = Release|Any CPU
		{50025AAA-39C1-4DBC-A332-60BACCB1D7F6}.Release|Any CPU.Build.0 = Release|Any CPU
	EndGlobalSection
	GlobalSection(SolutionProperties) = preSolution
		HideSolutionNode = FALSE
	EndGlobalSection
	GlobalSection(ExtensibilityGlobals) = postSolution
		SolutionGuid = {CF0EB820-424E-44E8-8920-F0D1948FE9E5}
	EndGlobalSection
EndGlobal
